
Microsoft Visual Studio Solution File, Format Version 12.00
# Visual Studio Version 17
VisualStudioVersion = 17.8.34219.65
MinimumVisualStudioVersion = 10.0.40219.1
Project("{FAE04EC0-301F-11D3-BF4B-00C04F79EFBC}") = "LABTEST", "LABTEST\LABTEST.csproj", "{C5FAB50E-9C68-4D12-9C8E-18E30CB36B6B}"
EndProject
Global
	GlobalSection(SolutionConfigurationPlatforms) = preSolution
		Debug|Any CPU = Debug|Any CPU
		Release|Any CPU = Release|Any CPU
	EndGlobalSection
	GlobalSection(ProjectConfigurationPlatforms) = postSolution
		{C5FAB50E-9C68-4D12-9C8E-18E30CB36B6B}.Debug|Any CPU.ActiveCfg = Debug|Any CPU
		{C5FAB50E-9C68-4D12-9C8E-18E30CB36B6B}.Debug|Any CPU.Build.0 = Debug|Any CPU
		{C5FAB50E-9C68-4D12-9C8E-18E30CB36B6B}.Debug|Any CPU.Deploy.0 = Debug|Any CPU
		{C5FAB50E-9C68-4D12-9C8E-18E30CB36B6B}.Release|Any CPU.ActiveCfg = Release|Any CPU
		{C5FAB50E-9C68-4D12-9C8E-18E30CB36B6B}.Release|Any CPU.Build.0 = Release|Any CPU
		{C5FAB50E-9C68-4D12-9C8E-18E30CB36B6B}.Release|Any CPU.Deploy.0 = Release|Any CPU
	EndGlobalSection
	GlobalSection(SolutionProperties) = preSolution
		HideSolutionNode = FALSE
	EndGlobalSection
	GlobalSection(ExtensibilityGlobals) = postSolution
		SolutionGuid = {98CEA20A-DF65-4311-9840-2373D6C13172}
	EndGlobalSection
EndGlobal
